
Microsoft Visual Studio Solution File, Format Version 12.00
# Visual Studio Version 17
VisualStudioVersion = 17.4.33110.190
MinimumVisualStudioVersion = 10.0.40219.1
Project("{FAE04EC0-301F-11D3-BF4B-00C04F79EFBC}") = "NINA.RBarbera.Plugin.NEOCPHelper", "NINA.RBarbera.Plugin.NEOCPHelper.csproj", "{35150F77-731C-43E9-B91A-F8E354D9C1E6}"
EndProject
Global
	GlobalSection(SolutionConfigurationPlatforms) = preSolution
		Debug|Any CPU = Debug|Any CPU
		Release|Any CPU = Release|Any CPU
	EndGlobalSection
	GlobalSection(ProjectConfigurationPlatforms) = postSolution
		{35150F77-731C-43E9-B91A-F8E354D9C1E6}.Debug|Any CPU.ActiveCfg = Debug|Any CPU
		{35150F77-731C-43E9-B91A-F8E354D9C1E6}.Debug|Any CPU.Build.0 = Debug|Any CPU
		{35150F77-731C-43E9-B91A-F8E354D9C1E6}.Release|Any CPU.ActiveCfg = Release|Any CPU
		{35150F77-731C-43E9-B91A-F8E354D9C1E6}.Release|Any CPU.Build.0 = Release|Any CPU
	EndGlobalSection
	GlobalSection(SolutionProperties) = preSolution
		HideSolutionNode = FALSE
	EndGlobalSection
	GlobalSection(ExtensibilityGlobals) = postSolution
		SolutionGuid = {F66C7B70-C683-4216-9930-C952D6231FB5}
	EndGlobalSection
EndGlobal
